
Microsoft Visual Studio Solution File, Format Version 12.00
# Visual Studio 14
VisualStudioVersion = 14.0.25420.1
MinimumVisualStudioVersion = 10.0.40219.1
Project("{FAE04EC0-301F-11D3-BF4B-00C04F79EFBC}") = "AgvLibrary", "AgvLibrary\AgvLibrary.csproj", "{85C252B6-B073-45B6-AFB6-A0DAF2A017A3}"
EndProject
Project("{FAE04EC0-301F-11D3-BF4B-00C04F79EFBC}") = "TestCon", "TestCon\TestCon.csproj", "{FFB2F544-D109-4FBA-93DA-DBD15EB6625F}"
EndProject
Global
	GlobalSection(SolutionConfigurationPlatforms) = preSolution
		Debug|Any CPU = Debug|Any CPU
		Release|Any CPU = Release|Any CPU
	EndGlobalSection
	GlobalSection(ProjectConfigurationPlatforms) = postSolution
		{85C252B6-B073-45B6-AFB6-A0DAF2A017A3}.Debug|Any CPU.ActiveCfg = Debug|Any CPU
		{85C252B6-B073-45B6-AFB6-A0DAF2A017A3}.Debug|Any CPU.Build.0 = Debug|Any CPU
		{85C252B6-B073-45B6-AFB6-A0DAF2A017A3}.Release|Any CPU.ActiveCfg = Release|Any CPU
		{85C252B6-B073-45B6-AFB6-A0DAF2A017A3}.Release|Any CPU.Build.0 = Release|Any CPU
		{FFB2F544-D109-4FBA-93DA-DBD15EB6625F}.Debug|Any CPU.ActiveCfg = Debug|Any CPU
		{FFB2F544-D109-4FBA-93DA-DBD15EB6625F}.Debug|Any CPU.Build.0 = Debug|Any CPU
		{FFB2F544-D109-4FBA-93DA-DBD15EB6625F}.Release|Any CPU.ActiveCfg = Release|Any CPU
		{FFB2F544-D109-4FBA-93DA-DBD15EB6625F}.Release|Any CPU.Build.0 = Release|Any CPU
	EndGlobalSection
	GlobalSection(SolutionProperties) = preSolution
		HideSolutionNode = FALSE
	EndGlobalSection
EndGlobal
