
Microsoft Visual Studio Solution File, Format Version 12.00
# Visual Studio 14
VisualStudioVersion = 14.0.23107.0
MinimumVisualStudioVersion = 10.0.40219.1
Project("{FAE04EC0-301F-11D3-BF4B-00C04F79EFBC}") = "AGVCenterWPF", "AGVCenterWPF\AGVCenterWPF.csproj", "{1CA7279E-B19E-4A38-9F1D-71F42303DABE}"
EndProject
Project("{FAE04EC0-301F-11D3-BF4B-00C04F79EFBC}") = "Brilliantech.Framwork", "..\..\Brilliantech.Framwork\Brilliantech.Framwork.csproj", "{9B5F850A-5136-4095-8955-6C4F7747C48A}"
EndProject
Project("{FAE04EC0-301F-11D3-BF4B-00C04F79EFBC}") = "AGVCenterLib", "AGVCenterLib\AGVCenterLib.csproj", "{7C1B913A-0C42-4535-8032-24A86C7F24D1}"
EndProject
Project("{FAE04EC0-301F-11D3-BF4B-00C04F79EFBC}") = "TestCon", "TestCon\TestCon.csproj", "{F7FBCE22-221B-4654-B102-9A43FBFF1A64}"
EndProject
Project("{FAE04EC0-301F-11D3-BF4B-00C04F79EFBC}") = "AgvServiceLib", "AgvServiceLib\AgvServiceLib.csproj", "{9FF5627E-FA52-4A7F-B033-02514DD9A11E}"
EndProject
Project("{2150E333-8FDC-42A3-9474-1A3956D46DE8}") = "WcfHost", "WcfHost", "{1B6EE808-658F-4893-B60A-5A71BBE0357D}"
EndProject
Project("{FAE04EC0-301F-11D3-BF4B-00C04F79EFBC}") = "AgvServiceHostCon", "AgvServiceHostCon\AgvServiceHostCon.csproj", "{8D149F77-D296-485E-95A8-FB602EA5D98C}"
	ProjectSection(ProjectDependencies) = postProject
		{9FF5627E-FA52-4A7F-B033-02514DD9A11E} = {9FF5627E-FA52-4A7F-B033-02514DD9A11E}
	EndProjectSection
EndProject
Project("{FAE04EC0-301F-11D3-BF4B-00C04F79EFBC}") = "AgvClientWPF", "AgvClientWPF\AgvClientWPF.csproj", "{5AE49BAB-5D05-4C65-A78F-079C1635364B}"
	ProjectSection(ProjectDependencies) = postProject
		{9FF5627E-FA52-4A7F-B033-02514DD9A11E} = {9FF5627E-FA52-4A7F-B033-02514DD9A11E}
	EndProjectSection
EndProject
Project("{2150E333-8FDC-42A3-9474-1A3956D46DE8}") = "Test", "Test", "{F5EE7488-E351-4888-90BE-88357D41B845}"
EndProject
Project("{FAE04EC0-301F-11D3-BF4B-00C04F79EFBC}") = "TestWPF", "TestWPF\TestWPF.csproj", "{8737F142-F4EC-4E23-8CAB-F35DFECBDF9C}"
EndProject
Project("{FAE04EC0-301F-11D3-BF4B-00C04F79EFBC}") = "AgvWarehouseWeb", "AgvWarehouseWeb\AgvWarehouseWeb.csproj", "{E088FAA8-89FE-4765-AC24-92A4B3C088A7}"
EndProject
Project("{FAE04EC0-301F-11D3-BF4B-00C04F79EFBC}") = "Brilliantech.ReportGenConnector", "..\..\Brilliantech.ReportGenConnector\Brilliantech.ReportGenConnector.csproj", "{DE39BCC6-CCDA-459D-B0F1-301BD1C009B3}"
EndProject
Global
	GlobalSection(SolutionConfigurationPlatforms) = preSolution
		Debug|Any CPU = Debug|Any CPU
		Release|Any CPU = Release|Any CPU
	EndGlobalSection
	GlobalSection(ProjectConfigurationPlatforms) = postSolution
		{1CA7279E-B19E-4A38-9F1D-71F42303DABE}.Debug|Any CPU.ActiveCfg = Debug|Any CPU
		{1CA7279E-B19E-4A38-9F1D-71F42303DABE}.Debug|Any CPU.Build.0 = Debug|Any CPU
		{1CA7279E-B19E-4A38-9F1D-71F42303DABE}.Release|Any CPU.ActiveCfg = Release|Any CPU
		{1CA7279E-B19E-4A38-9F1D-71F42303DABE}.Release|Any CPU.Build.0 = Release|Any CPU
		{9B5F850A-5136-4095-8955-6C4F7747C48A}.Debug|Any CPU.ActiveCfg = Debug|Any CPU
		{9B5F850A-5136-4095-8955-6C4F7747C48A}.Debug|Any CPU.Build.0 = Debug|Any CPU
		{9B5F850A-5136-4095-8955-6C4F7747C48A}.Release|Any CPU.ActiveCfg = Release|Any CPU
		{9B5F850A-5136-4095-8955-6C4F7747C48A}.Release|Any CPU.Build.0 = Release|Any CPU
		{7C1B913A-0C42-4535-8032-24A86C7F24D1}.Debug|Any CPU.ActiveCfg = Debug|Any CPU
		{7C1B913A-0C42-4535-8032-24A86C7F24D1}.Debug|Any CPU.Build.0 = Debug|Any CPU
		{7C1B913A-0C42-4535-8032-24A86C7F24D1}.Release|Any CPU.ActiveCfg = Release|Any CPU
		{7C1B913A-0C42-4535-8032-24A86C7F24D1}.Release|Any CPU.Build.0 = Release|Any CPU
		{F7FBCE22-221B-4654-B102-9A43FBFF1A64}.Debug|Any CPU.ActiveCfg = Debug|Any CPU
		{F7FBCE22-221B-4654-B102-9A43FBFF1A64}.Debug|Any CPU.Build.0 = Debug|Any CPU
		{F7FBCE22-221B-4654-B102-9A43FBFF1A64}.Release|Any CPU.ActiveCfg = Release|Any CPU
		{F7FBCE22-221B-4654-B102-9A43FBFF1A64}.Release|Any CPU.Build.0 = Release|Any CPU
		{9FF5627E-FA52-4A7F-B033-02514DD9A11E}.Debug|Any CPU.ActiveCfg = Debug|Any CPU
		{9FF5627E-FA52-4A7F-B033-02514DD9A11E}.Debug|Any CPU.Build.0 = Debug|Any CPU
		{9FF5627E-FA52-4A7F-B033-02514DD9A11E}.Release|Any CPU.ActiveCfg = Release|Any CPU
		{9FF5627E-FA52-4A7F-B033-02514DD9A11E}.Release|Any CPU.Build.0 = Release|Any CPU
		{8D149F77-D296-485E-95A8-FB602EA5D98C}.Debug|Any CPU.ActiveCfg = Debug|Any CPU
		{8D149F77-D296-485E-95A8-FB602EA5D98C}.Debug|Any CPU.Build.0 = Debug|Any CPU
		{8D149F77-D296-485E-95A8-FB602EA5D98C}.Release|Any CPU.ActiveCfg = Release|Any CPU
		{8D149F77-D296-485E-95A8-FB602EA5D98C}.Release|Any CPU.Build.0 = Release|Any CPU
		{5AE49BAB-5D05-4C65-A78F-079C1635364B}.Debug|Any CPU.ActiveCfg = Debug|Any CPU
		{5AE49BAB-5D05-4C65-A78F-079C1635364B}.Debug|Any CPU.Build.0 = Debug|Any CPU
		{5AE49BAB-5D05-4C65-A78F-079C1635364B}.Release|Any CPU.ActiveCfg = Release|Any CPU
		{5AE49BAB-5D05-4C65-A78F-079C1635364B}.Release|Any CPU.Build.0 = Release|Any CPU
		{8737F142-F4EC-4E23-8CAB-F35DFECBDF9C}.Debug|Any CPU.ActiveCfg = Debug|Any CPU
		{8737F142-F4EC-4E23-8CAB-F35DFECBDF9C}.Debug|Any CPU.Build.0 = Debug|Any CPU
		{8737F142-F4EC-4E23-8CAB-F35DFECBDF9C}.Release|Any CPU.ActiveCfg = Release|Any CPU
		{8737F142-F4EC-4E23-8CAB-F35DFECBDF9C}.Release|Any CPU.Build.0 = Release|Any CPU
		{E088FAA8-89FE-4765-AC24-92A4B3C088A7}.Debug|Any CPU.ActiveCfg = Debug|Any CPU
		{E088FAA8-89FE-4765-AC24-92A4B3C088A7}.Debug|Any CPU.Build.0 = Debug|Any CPU
		{E088FAA8-89FE-4765-AC24-92A4B3C088A7}.Release|Any CPU.ActiveCfg = Release|Any CPU
		{E088FAA8-89FE-4765-AC24-92A4B3C088A7}.Release|Any CPU.Build.0 = Release|Any CPU
		{DE39BCC6-CCDA-459D-B0F1-301BD1C009B3}.Debug|Any CPU.ActiveCfg = Debug|Any CPU
		{DE39BCC6-CCDA-459D-B0F1-301BD1C009B3}.Debug|Any CPU.Build.0 = Debug|Any CPU
		{DE39BCC6-CCDA-459D-B0F1-301BD1C009B3}.Release|Any CPU.ActiveCfg = Release|Any CPU
		{DE39BCC6-CCDA-459D-B0F1-301BD1C009B3}.Release|Any CPU.Build.0 = Release|Any CPU
	EndGlobalSection
	GlobalSection(SolutionProperties) = preSolution
		HideSolutionNode = FALSE
	EndGlobalSection
	GlobalSection(NestedProjects) = preSolution
		{F7FBCE22-221B-4654-B102-9A43FBFF1A64} = {F5EE7488-E351-4888-90BE-88357D41B845}
		{8D149F77-D296-485E-95A8-FB602EA5D98C} = {1B6EE808-658F-4893-B60A-5A71BBE0357D}
		{8737F142-F4EC-4E23-8CAB-F35DFECBDF9C} = {F5EE7488-E351-4888-90BE-88357D41B845}
	EndGlobalSection
EndGlobal
