Microsoft Visual Studio Solution File, Format Version 11.00
# Visual Studio 2010
VisualStudioVersion = 12.0.21005.1
MinimumVisualStudioVersion = 10.0.40219.1
Project("{F184B08F-C81C-45F6-A57F-5ABD9991F28F}") = "Simple VB .NET OPC Example", "Simple VB .NET OPC Example.vbproj", "{20E13EAF-679E-4835-A937-7C6553F461A1}"
EndProject
Global
	GlobalSection(SolutionConfigurationPlatforms) = preSolution
		Debug|Any CPU = Debug|Any CPU
		Release|Any CPU = Release|Any CPU
	EndGlobalSection
	GlobalSection(ProjectConfigurationPlatforms) = postSolution
		{20E13EAF-679E-4835-A937-7C6553F461A1}.Debug|Any CPU.ActiveCfg = Debug|Any CPU
		{20E13EAF-679E-4835-A937-7C6553F461A1}.Debug|Any CPU.Build.0 = Debug|Any CPU
		{20E13EAF-679E-4835-A937-7C6553F461A1}.Release|Any CPU.ActiveCfg = Release|Any CPU
		{20E13EAF-679E-4835-A937-7C6553F461A1}.Release|Any CPU.Build.0 = Release|Any CPU
	EndGlobalSection
	GlobalSection(SolutionProperties) = preSolution
		HideSolutionNode = FALSE
	EndGlobalSection
EndGlobal
